github.com/davecgh/go-spew v1.1.1 h1:vj9j/u1bqnvCEfJOwUhtlOARqs3+rkHYY13jYWTU97c=
github.com/davecgh/go-spew v1.1.1/go.mod h1:J7Y8YcW2NihsgmVo/mv3lAwl/skON4iLHjSsI+c5H38=
github.com/dghubble/oauth1 v0.7.3 h1:EkEM/zMDMp3zOsX2DC/ZQ2vnEX3ELK0/l9kb+vs4ptE=
github.com/dghubble/oauth1 v0.7.3/go.mod h1:oxTe+az9NSMIucDPDCCtzJGsPhciJV33xocHfcR2sVY=
github.com/g8rswimmer/go-twitter/v2 v2.1.5 h1:Uj9Yuof2UducrP4Xva7irnUJfB9354/VyUXKmc2D5gg=
github.com/g8rswimmer/go-twitter/v2 v2.1.5/go.mod h1:/55xWb313KQs25X7oZrNSEwLQNkYHhPsDwFstc45vhc=
github.com/google/uuid v1.6.0 h1:NIvaJDMOsjHA8n1jAhLSgzrAzy1Hgr+hNrb57e+94F0=
github.com/google/uuid v1.6.0/go.mod h1:TIyPZe4MgqvfeYDBFedMoGGpEw/LqOeaOT+nhxU+yHo=
github.com/gorilla/mux v1.8.1 h1:TuBL49tXwgrFYWhqrNgrUNEY92u81SPhu7sTdzQEiWY=
github.com/gorilla/mux v1.8.1/go.mod h1:AKf9I4AEqPTmMytcMc0KkNouC66V3BtZ4qD5fmWSiMQ=
github.com/joho/godotenv v1.5.1 h1:7eLL/+HRGLY0ldzfGMeQkb7vMd0as4CfYvUVzLqw0N0=
github.com/joho/godotenv v1.5.1/go.mod h1:f4LDr5Voq0i2e/R5DDNOoa2zzDfwtkZa6DnEwAbqwq4=
github.com/pmezard/go-difflib v1.0.0 h1:4DBwDE0NGyQoBHbLQYPwSUPoCMWR5BEzIk/f1lZbAQM=
github.com/pmezard/go-difflib v1.0.0/go.mod h1:iKH77koFhYxTK1pcRnkKkqfTogsbg7gZNVY4sRDYZ/4=
github.com/samber/lo v1.47.0 h1:z7RynLwP5nbyRscyvcD043DWYoOcYRv3mV8lBeqOCLc=
github.com/samber/lo v1.47.0/go.mod h1:RmDH9Ct32Qy3gduHQuKJ3gW1fMHAnE/fAzQuf6He5cU=
github.com/sashabaranov/go-openai v1.28.2 h1:Q3pi34SuNYNN7YrqpHlHbpeYlf75ljgHOAVM/r1yun0=
github.com/sashabaranov/go-openai v1.28.2/go.mod h1:lj5b/K+zjTSFxVLijLSTDZuP7adOgerWeFyZLUhAKRg=
github.com/stretchr/testify v1.9.0 h1:HtqpIVDClZ4nwg75+f6Lvsy/wHu+3BoSGCbBAcpTsTg=
github.com/stretchr/testify v1.9.0/go.mod h1:r2ic/lqez/lEtzL7wO/rwa5dbSLXVDPFyf8C91i36aY=
golang.org/x/text v0.17.0 h1:XtiM5bkSOt+ewxlOE/aE/AKEHibwj/6gvWMl9Rsh0Qc=
golang.org/x/text v0.17.0/go.mod h1:BuEKDfySbSR4drPmRPG/7iBdf8hvFMuRexcpahXilzY=
gopkg.in/yaml.v3 v3.0.1 h1:fxVm/GzAzEWqLHuvctI91KS9hhNmmWOoWu0XTYJS7CA=
gopkg.in/yaml.v3 v3.0.1/go.mod h1:K4uyk7z7BCEPqu6E+C64Yfv1cQ7kz7rIZviUmN+EgEM=
